// !$*UTF8*$!
{
	archiveVersion = 1;
	classes = {
	};
	objectVersion = 50;
	objects = {

/* Begin PBXBuildFile section */
		BFBBB1F620E1DD99004F192E /* AppDelegate.m in Sources */ = {isa = PBXBuildFile; fileRef = BFBBB1F520E1DD99004F192E /* AppDelegate.m */; };
		BFBBB1F920E1DD99004F192E /* ViewController.m in Sources */ = {isa = PBXBuildFile; fileRef = BFBBB1F820E1DD99004F192E /* ViewController.m */; };
		BFBBB1FC20E1DD99004F192E /* Main.storyboard in Resources */ = {isa = PBXBuildFile; fileRef = BFBBB1FA20E1DD99004F192E /* Main.storyboard */; };
		BFBBB1FE20E1DD9B004F192E /* Assets.xcassets in Resources */ = {isa = PBXBuildFile; fileRef = BFBBB1FD20E1DD9B004F192E /* Assets.xcassets */; };
		BFBBB20120E1DD9B004F192E /* LaunchScreen.storyboard in Resources */ = {isa = PBXBuildFile; fileRef = BFBBB1FF20E1DD9B004F192E /* LaunchScreen.storyboard */; };
		BFBBB20420E1DD9B004F192E /* main.m in Sources */ = {isa = PBXBuildFile; fileRef = BFBBB20320E1DD9B004F192E /* main.m */; };
		BFBBB20E20E1DD9C004F192E /* ZJDesignPatternsTests.m in Sources */ = {isa = PBXBuildFile; fileRef = BFBBB20D20E1DD9C004F192E /* ZJDesignPatternsTests.m */; };
		BFBBB21920E1DD9C004F192E /* ZJDesignPatternsUITests.m in Sources */ = {isa = PBXBuildFile; fileRef = BFBBB21820E1DD9C004F192E /* ZJDesignPatternsUITests.m */; };
		BFBBB22C20E1E21B004F192E /* People.m in Sources */ = {isa = PBXBuildFile; fileRef = BFBBB22B20E1E21B004F192E /* People.m */; };
/* End PBXBuildFile section */

/* Begin PBXContainerItemProxy section */
		BFBBB20A20E1DD9C004F192E /* PBXContainerItemProxy */ = {
			isa = PBXContainerItemProxy;
			containerPortal = BFBBB1E920E1DD99004F192E /* Project object */;
			proxyType = 1;
			remoteGlobalIDString = BFBBB1F020E1DD99004F192E;
			remoteInfo = ZJDesignPatterns;
		};
		BFBBB21520E1DD9C004F192E /* PBXContainerItemProxy */ = {
			isa = PBXContainerItemProxy;
			containerPortal = BFBBB1E920E1DD99004F192E /* Project object */;
			proxyType = 1;
			remoteGlobalIDString = BFBBB1F020E1DD99004F192E;
			remoteInfo = ZJDesignPatterns;
		};
/* End PBXContainerItemProxy section */

/* Begin PBXFileReference section */
		BFBBB1F120E1DD99004F192E /* ZJDesignPatterns.app */ = {isa = PBXFileReference; explicitFileType = wrapper.application; includeInIndex = 0; path = ZJDesignPatterns.app; sourceTree = BUILT_PRODUCTS_DIR; };
		BFBBB1F420E1DD99004F192E /* AppDelegate.h */ = {isa = PBXFileReference; lastKnownFileType = sourcecode.c.h; path = AppDelegate.h; sourceTree = "<group>"; };
		BFBBB1F520E1DD99004F192E /* AppDelegate.m */ = {isa = PBXFileReference; lastKnownFileType = sourcecode.c.objc; path = AppDelegate.m; sourceTree = "<group>"; };
		BFBBB1F720E1DD99004F192E /* ViewController.h */ = {isa = PBXFileReference; lastKnownFileType = sourcecode.c.h; path = ViewController.h; sourceTree = "<group>"; };
		BFBBB1F820E1DD99004F192E /* ViewController.m */ = {isa = PBXFileReference; lastKnownFileType = sourcecode.c.objc; path = ViewController.m; sourceTree = "<group>"; };
		BFBBB1FB20E1DD99004F192E /* Base */ = {isa = PBXFileReference; lastKnownFileType = file.storyboard; name = Base; path = Base.lproj/Main.storyboard; sourceTree = "<group>"; };
		BFBBB1FD20E1DD9B004F192E /* Assets.xcassets */ = {isa = PBXFileReference; lastKnownFileType = folder.assetcatalog; path = Assets.xcassets; sourceTree = "<group>"; };
		BFBBB20020E1DD9B004F192E /* Base */ = {isa = PBXFileReference; lastKnownFileType = file.storyboard; name = Base; path = Base.lproj/LaunchScreen.storyboard; sourceTree = "<group>"; };
		BFBBB20220E1DD9B004F192E /* Info.plist */ = {isa = PBXFileReference; lastKnownFileType = text.plist.xml; path = Info.plist; sourceTree = "<group>"; };
		BFBBB20320E1DD9B004F192E /* main.m */ = {isa = PBXFileReference; lastKnownFileType = sourcecode.c.objc; path = main.m; sourceTree = "<group>"; };
		BFBBB20920E1DD9C004F192E /* ZJDesignPatternsTests.xctest */ = {isa = PBXFileReference; explicitFileType = wrapper.cfbundle; includeInIndex = 0; path = ZJDesignPatternsTests.xctest; sourceTree = BUILT_PRODUCTS_DIR; };
		BFBBB20D20E1DD9C004F192E /* ZJDesignPatternsTests.m */ = {isa = PBXFileReference; lastKnownFileType = sourcecode.c.objc; path = ZJDesignPatternsTests.m; sourceTree = "<group>"; };
		BFBBB20F20E1DD9C004F192E /* Info.plist */ = {isa = PBXFileReference; lastKnownFileType = text.plist.xml; path = Info.plist; sourceTree = "<group>"; };
		BFBBB21420E1DD9C004F192E /* ZJDesignPatternsUITests.xctest */ = {isa = PBXFileReference; explicitFileType = wrapper.cfbundle; includeInIndex = 0; path = ZJDesignPatternsUITests.xctest; sourceTree = BUILT_PRODUCTS_DIR; };
		BFBBB21820E1DD9C004F192E /* ZJDesignPatternsUITests.m */ = {isa = PBXFileReference; lastKnownFileType = sourcecode.c.objc; path = ZJDesignPatternsUITests.m; sourceTree = "<group>"; };
		BFBBB21A20E1DD9C004F192E /* Info.plist */ = {isa = PBXFileReference; lastKnownFileType = text.plist.xml; path = Info.plist; sourceTree = "<group>"; };
		BFBBB22A20E1E21B004F192E /* People.h */ = {isa = PBXFileReference; lastKnownFileType = sourcecode.c.h; path = People.h; sourceTree = "<group>"; };
		BFBBB22B20E1E21B004F192E /* People.m */ = {isa = PBXFileReference; lastKnownFileType = sourcecode.c.objc; path = People.m; sourceTree = "<group>"; };
/* End PBXFileReference section */

/* Begin PBXFrameworksBuildPhase section */
		BFBBB1EE20E1DD99004F192E /* Frameworks */ = {
			isa = PBXFrameworksBuildPhase;
			buildActionMask = 2147483647;
			files = (
			);
			runOnlyForDeploymentPostprocessing = 0;
		};
		BFBBB20620E1DD9C004F192E /* Frameworks */ = {
			isa = PBXFrameworksBuildPhase;
			buildActionMask = 2147483647;
			files = (
			);
			runOnlyForDeploymentPostprocessing = 0;
		};
		BFBBB21120E1DD9C004F192E /* Frameworks */ = {
			isa = PBXFrameworksBuildPhase;
			buildActionMask = 2147483647;
			files = (
			);
			runOnlyForDeploymentPostprocessing = 0;
		};
/* End PBXFrameworksBuildPhase section */

/* Begin PBXGroup section */
		BFBBB1E820E1DD99004F192E = {
			isa = PBXGroup;
			children = (
				BFBBB1F320E1DD99004F192E /* ZJDesignPatterns */,
				BFBBB20C20E1DD9C004F192E /* ZJDesignPatternsTests */,
				BFBBB21720E1DD9C004F192E /* ZJDesignPatternsUITests */,
				BFBBB1F220E1DD99004F192E /* Products */,
			);
			sourceTree = "<group>";
		};
		BFBBB1F220E1DD99004F192E /* Products */ = {
			isa = PBXGroup;
			children = (
				BFBBB1F120E1DD99004F192E /* ZJDesignPatterns.app */,
				BFBBB20920E1DD9C004F192E /* ZJDesignPatternsTests.xctest */,
				BFBBB21420E1DD9C004F192E /* ZJDesignPatternsUITests.xctest */,
			);
			name = Products;
			sourceTree = "<group>";
		};
		BFBBB1F320E1DD99004F192E /* ZJDesignPatterns */ = {
			isa = PBXGroup;
			children = (
				BFBBB22920E1E0D7004F192E /* Prototype */,
				BFBBB22620E1DDC2004F192E /* AppDelegate */,
				BFBBB22720E1DDCE004F192E /* ViewController */,
				BFBBB22820E1DDEB004F192E /* Supporting */,
			);
			path = ZJDesignPatterns;
			sourceTree = "<group>";
		};
		BFBBB20C20E1DD9C004F192E /* ZJDesignPatternsTests */ = {
			isa = PBXGroup;
			children = (
				BFBBB20D20E1DD9C004F192E /* ZJDesignPatternsTests.m */,
				BFBBB20F20E1DD9C004F192E /* Info.plist */,
			);
			path = ZJDesignPatternsTests;
			sourceTree = "<group>";
		};
		BFBBB21720E1DD9C004F192E /* ZJDesignPatternsUITests */ = {
			isa = PBXGroup;
			children = (
				BFBBB21820E1DD9C004F192E /* ZJDesignPatternsUITests.m */,
				BFBBB21A20E1DD9C004F192E /* Info.plist */,
			);
			path = ZJDesignPatternsUITests;
			sourceTree = "<group>";
		};
		BFBBB22620E1DDC2004F192E /* AppDelegate */ = {
			isa = PBXGroup;
			children = (
				BFBBB1F420E1DD99004F192E /* AppDelegate.h */,
				BFBBB1F520E1DD99004F192E /* AppDelegate.m */,
			);
			path = AppDelegate;
			sourceTree = "<group>";
		};
		BFBBB22720E1DDCE004F192E /* ViewController */ = {
			isa = PBXGroup;
			children = (
				BFBBB1F720E1DD99004F192E /* ViewController.h */,
				BFBBB1F820E1DD99004F192E /* ViewController.m */,
			);
			path = ViewController;
			sourceTree = "<group>";
		};
		BFBBB22820E1DDEB004F192E /* Supporting */ = {
			isa = PBXGroup;
			children = (
				BFBBB1FA20E1DD99004F192E /* Main.storyboard */,
				BFBBB1FF20E1DD9B004F192E /* LaunchScreen.storyboard */,
				BFBBB1FD20E1DD9B004F192E /* Assets.xcassets */,
				BFBBB20220E1DD9B004F192E /* Info.plist */,
				BFBBB20320E1DD9B004F192E /* main.m */,
			);
			path = Supporting;
			sourceTree = "<group>";
		};
		BFBBB22920E1E0D7004F192E /* Prototype */ = {
			isa = PBXGroup;
			children = (
				BFBBB22A20E1E21B004F192E /* People.h */,
				BFBBB22B20E1E21B004F192E /* People.m */,
			);
			path = Prototype;
			sourceTree = "<group>";
		};
/* End PBXGroup section */

/* Begin PBXNativeTarget section */
		BFBBB1F020E1DD99004F192E /* ZJDesignPatterns */ = {
			isa = PBXNativeTarget;
			buildConfigurationList = BFBBB21D20E1DD9C004F192E /* Build configuration list for PBXNativeTarget "ZJDesignPatterns" */;
			buildPhases = (
				BFBBB1ED20E1DD99004F192E /* Sources */,
				BFBBB1EE20E1DD99004F192E /* Frameworks */,
				BFBBB1EF20E1DD99004F192E /* Resources */,
			);
			buildRules = (
			);
			dependencies = (
			);
			name = ZJDesignPatterns;
			productName = ZJDesignPatterns;
			productReference = BFBBB1F120E1DD99004F192E /* ZJDesignPatterns.app */;
			productType = "com.apple.product-type.application";
		};
		BFBBB20820E1DD9C004F192E /* ZJDesignPatternsTests */ = {
			isa = PBXNativeTarget;
			buildConfigurationList = BFBBB22020E1DD9C004F192E /* Build configuration list for PBXNativeTarget "ZJDesignPatternsTests" */;
			buildPhases = (
				BFBBB20520E1DD9C004F192E /* Sources */,
				BFBBB20620E1DD9C004F192E /* Frameworks */,
				BFBBB20720E1DD9C004F192E /* Resources */,
			);
			buildRules = (
			);
			dependencies = (
				BFBBB20B20E1DD9C004F192E /* PBXTargetDependency */,
			);
			name = ZJDesignPatternsTests;
			productName = ZJDesignPatternsTests;
			productReference = BFBBB20920E1DD9C004F192E /* ZJDesignPatternsTests.xctest */;
			productType = "com.apple.product-type.bundle.unit-test";
		};
		BFBBB21320E1DD9C004F192E /* ZJDesignPatternsUITests */ = {
			isa = PBXNativeTarget;
			buildConfigurationList = BFBBB22320E1DD9C004F192E /* Build configuration list for PBXNativeTarget "ZJDesignPatternsUITests" */;
			buildPhases = (
				BFBBB21020E1DD9C004F192E /* Sources */,
				BFBBB21120E1DD9C004F192E /* Frameworks */,
				BFBBB21220E1DD9C004F192E /* Resources */,
			);
			buildRules = (
			);
			dependencies = (
				BFBBB21620E1DD9C004F192E /* PBXTargetDependency */,
			);
			name = ZJDesignPatternsUITests;
			productName = ZJDesignPatternsUITests;
			productReference = BFBBB21420E1DD9C004F192E /* ZJDesignPatternsUITests.xctest */;
			productType = "com.apple.product-type.bundle.ui-testing";
		};
/* End PBXNativeTarget section */

/* Begin PBXProject section */
		BFBBB1E920E1DD99004F192E /* Project object */ = {
			isa = PBXProject;
			attributes = {
				LastUpgradeCheck = 0940;
				ORGANIZATIONNAME = "Jun Zhou";
				TargetAttributes = {
					BFBBB1F020E1DD99004F192E = {
						CreatedOnToolsVersion = 9.4.1;
					};
					BFBBB20820E1DD9C004F192E = {
						CreatedOnToolsVersion = 9.4.1;
						TestTargetID = BFBBB1F020E1DD99004F192E;
					};
					BFBBB21320E1DD9C004F192E = {
						CreatedOnToolsVersion = 9.4.1;
						TestTargetID = BFBBB1F020E1DD99004F192E;
					};
				};
			};
			buildConfigurationList = BFBBB1EC20E1DD99004F192E /* Build configuration list for PBXProject "ZJDesignPatterns" */;
			compatibilityVersion = "Xcode 9.3";
			developmentRegion = en;
			hasScannedForEncodings = 0;
			knownRegions = (
				en,
				Base,
			);
			mainGroup = BFBBB1E820E1DD99004F192E;
			productRefGroup = BFBBB1F220E1DD99004F192E /* Products */;
			projectDirPath = "";
			projectRoot = "";
			targets = (
				BFBBB1F020E1DD99004F192E /* ZJDesignPatterns */,
				BFBBB20820E1DD9C004F192E /* ZJDesignPatternsTests */,
				BFBBB21320E1DD9C004F192E /* ZJDesignPatternsUITests */,
			);
		};
/* End PBXProject section */

/* Begin PBXResourcesBuildPhase section */
		BFBBB1EF20E1DD99004F192E /* Resources */ = {
			isa = PBXResourcesBuildPhase;
			buildActionMask = 2147483647;
			files = (
				BFBBB20120E1DD9B004F192E /* LaunchScreen.storyboard in Resources */,
				BFBBB1FE20E1DD9B004F192E /* Assets.xcassets in Resources */,
				BFBBB1FC20E1DD99004F192E /* Main.storyboard in Resources */,
			);
			runOnlyForDeploymentPostprocessing = 0;
		};
		BFBBB20720E1DD9C004F192E /* Resources */ = {
			isa = PBXResourcesBuildPhase;
			buildActionMask = 2147483647;
			files = (
			);
			runOnlyForDeploymentPostprocessing = 0;
		};
		BFBBB21220E1DD9C004F192E /* Resources */ = {
			isa = PBXResourcesBuildPhase;
			buildActionMask = 2147483647;
			files = (
			);
			runOnlyForDeploymentPostprocessing = 0;
		};
/* End PBXResourcesBuildPhase section */

/* Begin PBXSourcesBuildPhase section */
		BFBBB1ED20E1DD99004F192E /* Sources */ = {
			isa = PBXSourcesBuildPhase;
			buildActionMask = 2147483647;
			files = (
				BFBBB22C20E1E21B004F192E /* People.m in Sources */,
				BFBBB1F920E1DD99004F192E /* ViewController.m in Sources */,
				BFBBB20420E1DD9B004F192E /* main.m in Sources */,
				BFBBB1F620E1DD99004F192E /* AppDelegate.m in Sources */,
			);
			runOnlyForDeploymentPostprocessing = 0;
		};
		BFBBB20520E1DD9C004F192E /* Sources */ = {
			isa = PBXSourcesBuildPhase;
			buildActionMask = 2147483647;
			files = (
				BFBBB20E20E1DD9C004F192E /* ZJDesignPatternsTests.m in Sources */,
			);
			runOnlyForDeploymentPostprocessing = 0;
		};
		BFBBB21020E1DD9C004F192E /* Sources */ = {
			isa = PBXSourcesBuildPhase;
			buildActionMask = 2147483647;
			files = (
				BFBBB21920E1DD9C004F192E /* ZJDesignPatternsUITests.m in Sources */,
			);
			runOnlyForDeploymentPostprocessing = 0;
		};
/* End PBXSourcesBuildPhase section */

/* Begin PBXTargetDependency section */
		BFBBB20B20E1DD9C004F192E /* PBXTargetDependency */ = {
			isa = PBXTargetDependency;
			target = BFBBB1F020E1DD99004F192E /* ZJDesignPatterns */;
			targetProxy = BFBBB20A20E1DD9C004F192E /* PBXContainerItemProxy */;
		};
		BFBBB21620E1DD9C004F192E /* PBXTargetDependency */ = {
			isa = PBXTargetDependency;
			target = BFBBB1F020E1DD99004F192E /* ZJDesignPatterns */;
			targetProxy = BFBBB21520E1DD9C004F192E /* PBXContainerItemProxy */;
		};
/* End PBXTargetDependency section */

/* Begin PBXVariantGroup section */
		BFBBB1FA20E1DD99004F192E /* Main.storyboard */ = {
			isa = PBXVariantGroup;
			children = (
				BFBBB1FB20E1DD99004F192E /* Base */,
			);
			name = Main.storyboard;
			sourceTree = "<group>";
		};
		BFBBB1FF20E1DD9B004F192E /* LaunchScreen.storyboard */ = {
			isa = PBXVariantGroup;
			children = (
				BFBBB20020E1DD9B004F192E /* Base */,
			);
			name = LaunchScreen.storyboard;
			sourceTree = "<group>";
		};
/* End PBXVariantGroup section */

/* Begin XCBuildConfiguration section */
		BFBBB21B20E1DD9C004F192E /* Debug */ = {
			isa = XCBuildConfiguration;
			buildSettings = {
				ALWAYS_SEARCH_USER_PATHS = NO;
				CLANG_ANALYZER_NONNULL = YES;
				CLANG_ANALYZER_NUMBER_OBJECT_CONVERSION = YES_AGGRESSIVE;
				CLANG_CXX_LANGUAGE_STANDARD = "gnu++14";
				CLANG_CXX_LIBRARY = "libc++";
				CLANG_ENABLE_MODULES = YES;
				CLANG_ENABLE_OBJC_ARC = YES;
				CLANG_ENABLE_OBJC_WEAK = YES;
				CLANG_WARN_BLOCK_CAPTURE_AUTORELEASING = YES;
				CLANG_WARN_BOOL_CONVERSION = YES;
				CLANG_WARN_COMMA = YES;
				CLANG_WARN_CONSTANT_CONVERSION = YES;
				CLANG_WARN_DEPRECATED_OBJC_IMPLEMENTATIONS = YES;
				CLANG_WARN_DIRECT_OBJC_ISA_USAGE = YES_ERROR;
				CLANG_WARN_DOCUMENTATION_COMMENTS = YES;
				CLANG_WARN_EMPTY_BODY = YES;
				CLANG_WARN_ENUM_CONVERSION = YES;
				CLANG_WARN_INFINITE_RECURSION = YES;
				CLANG_WARN_INT_CONVERSION = YES;
				CLANG_WARN_NON_LITERAL_NULL_CONVERSION = YES;
				CLANG_WARN_OBJC_IMPLICIT_RETAIN_SELF = YES;
				CLANG_WARN_OBJC_LITERAL_CONVERSION = YES;
				CLANG_WARN_OBJC_ROOT_CLASS = YES_ERROR;
				CLANG_WARN_RANGE_LOOP_ANALYSIS = YES;
				CLANG_WARN_STRICT_PROTOTYPES = YES;
				CLANG_WARN_SUSPICIOUS_MOVE = YES;
				CLANG_WARN_UNGUARDED_AVAILABILITY = YES_AGGRESSIVE;
				CLANG_WARN_UNREACHABLE_CODE = YES;
				CLANG_WARN__DUPLICATE_METHOD_MATCH = YES;
				CODE_SIGN_IDENTITY = "iPhone Developer";
				COPY_PHASE_STRIP = NO;
				DEBUG_INFORMATION_FORMAT = dwarf;
				ENABLE_STRICT_OBJC_MSGSEND = YES;
				ENABLE_TESTABILITY = YES;
				GCC_C_LANGUAGE_STANDARD = gnu11;
				GCC_DYNAMIC_NO_PIC = NO;
				GCC_NO_COMMON_BLOCKS = YES;
				GCC_OPTIMIZATION_LEVEL = 0;
				GCC_PREPROCESSOR_DEFINITIONS = (
					"DEBUG=1",
					"$(inherited)",
				);
				GCC_WARN_64_TO_32_BIT_CONVERSION = YES;
				GCC_WARN_ABOUT_RETURN_TYPE = YES_ERROR;
				GCC_WARN_UNDECLARED_SELECTOR = YES;
				GCC_WARN_UNINITIALIZED_AUTOS = YES_AGGRESSIVE;
				GCC_WARN_UNUSED_FUNCTION = YES;
				GCC_WARN_UNUSED_VARIABLE = YES;
				IPHONEOS_DEPLOYMENT_TARGET = 11.4;
				MTL_ENABLE_DEBUG_INFO = YES;
				ONLY_ACTIVE_ARCH = YES;
				SDKROOT = iphoneos;
			};
			name = Debug;
		};
		BFBBB21C20E1DD9C004F192E /* Release */ = {
			isa = XCBuildConfiguration;
			buildSettings = {
				ALWAYS_SEARCH_USER_PATHS = NO;
				CLANG_ANALYZER_NONNULL = YES;
				CLANG_ANALYZER_NUMBER_OBJECT_CONVERSION = YES_AGGRESSIVE;
				CLANG_CXX_LANGUAGE_STANDARD = "gnu++14";
				CLANG_CXX_LIBRARY = "libc++";
				CLANG_ENABLE_MODULES = YES;
				CLANG_ENABLE_OBJC_ARC = YES;
				CLANG_ENABLE_OBJC_WEAK = YES;
				CLANG_WARN_BLOCK_CAPTURE_AUTORELEASING = YES;
				CLANG_WARN_BOOL_CONVERSION = YES;
				CLANG_WARN_COMMA = YES;
				CLANG_WARN_CONSTANT_CONVERSION = YES;
				CLANG_WARN_DEPRECATED_OBJC_IMPLEMENTATIONS = YES;
				CLANG_WARN_DIRECT_OBJC_ISA_USAGE = YES_ERROR;
				CLANG_WARN_DOCUMENTATION_COMMENTS = YES;
				CLANG_WARN_EMPTY_BODY = YES;
				CLANG_WARN_ENUM_CONVERSION = YES;
				CLANG_WARN_INFINITE_RECURSION = YES;
				CLANG_WARN_INT_CONVERSION = YES;
				CLANG_WARN_NON_LITERAL_NULL_CONVERSION = YES;
				CLANG_WARN_OBJC_IMPLICIT_RETAIN_SELF = YES;
				CLANG_WARN_OBJC_LITERAL_CONVERSION = YES;
				CLANG_WARN_OBJC_ROOT_CLASS = YES_ERROR;
				CLANG_WARN_RANGE_LOOP_ANALYSIS = YES;
				CLANG_WARN_STRICT_PROTOTYPES = YES;
				CLANG_WARN_SUSPICIOUS_MOVE = YES;
				CLANG_WARN_UNGUARDED_AVAILABILITY = YES_AGGRESSIVE;
				CLANG_WARN_UNREACHABLE_CODE = YES;
				CLANG_WARN__DUPLICATE_METHOD_MATCH = YES;
				CODE_SIGN_IDENTITY = "iPhone Developer";
				COPY_PHASE_STRIP = NO;
				DEBUG_INFORMATION_FORMAT = "dwarf-with-dsym";
				ENABLE_NS_ASSERTIONS = NO;
				ENABLE_STRICT_OBJC_MSGSEND = YES;
				GCC_C_LANGUAGE_STANDARD = gnu11;
				GCC_NO_COMMON_BLOCKS = YES;
				GCC_WARN_64_TO_32_BIT_CONVERSION = YES;
				GCC_WARN_ABOUT_RETURN_TYPE = YES_ERROR;
				GCC_WARN_UNDECLARED_SELECTOR = YES;
				GCC_WARN_UNINITIALIZED_AUTOS = YES_AGGRESSIVE;
				GCC_WARN_UNUSED_FUNCTION = YES;
				GCC_WARN_UNUSED_VARIABLE = YES;
				IPHONEOS_DEPLOYMENT_TARGET = 11.4;
				MTL_ENABLE_DEBUG_INFO = NO;
				SDKROOT = iphoneos;
				VALIDATE_PRODUCT = YES;
			};
			name = Release;
		};
		BFBBB21E20E1DD9C004F192E /* Debug */ = {
			isa = XCBuildConfiguration;
			buildSettings = {
				ASSETCATALOG_COMPILER_APPICON_NAME = AppIcon;
				CODE_SIGN_STYLE = Automatic;
				DEVELOPMENT_TEAM = ASH8T6U62E;
				INFOPLIST_FILE = ZJDesignPatterns/Supporting/Info.plist;
				LD_RUNPATH_SEARCH_PATHS = (
					"$(inherited)",
					"@executable_path/Frameworks",
				);
				PRODUCT_BUNDLE_IDENTIFIER = "Jun-Zhou.ZJDesignPatterns";
				PRODUCT_NAME = "$(TARGET_NAME)";
				TARGETED_DEVICE_FAMILY = "1,2";
			};
			name = Debug;
		};
		BFBBB21F20E1DD9C004F192E /* Release */ = {
			isa = XCBuildConfiguration;
			buildSettings = {
				ASSETCATALOG_COMPILER_APPICON_NAME = AppIcon;
				CODE_SIGN_STYLE = Automatic;
				DEVELOPMENT_TEAM = ASH8T6U62E;
				INFOPLIST_FILE = ZJDesignPatterns/Supporting/Info.plist;
				LD_RUNPATH_SEARCH_PATHS = (
					"$(inherited)",
					"@executable_path/Frameworks",
				);
				PRODUCT_BUNDLE_IDENTIFIER = "Jun-Zhou.ZJDesignPatterns";
				PRODUCT_NAME = "$(TARGET_NAME)";
				TARGETED_DEVICE_FAMILY = "1,2";
			};
			name = Release;
		};
		BFBBB22120E1DD9C004F192E /* Debug */ = {
			isa = XCBuildConfiguration;
			buildSettings = {
				BUNDLE_LOADER = "$(TEST_HOST)";
				CODE_SIGN_STYLE = Automatic;
				DEVELOPMENT_TEAM = ASH8T6U62E;
				INFOPLIST_FILE = ZJDesignPatternsTests/Info.plist;
				LD_RUNPATH_SEARCH_PATHS = (
					"$(inherited)",
					"@executable_path/Frameworks",
					"@loader_path/Frameworks",
				);
				PRODUCT_BUNDLE_IDENTIFIER = "Jun-Zhou.ZJDesignPatternsTests";
				PRODUCT_NAME = "$(TARGET_NAME)";
				TARGETED_DEVICE_FAMILY = "1,2";
				TEST_HOST = "$(BUILT_PRODUCTS_DIR)/ZJDesignPatterns.app/ZJDesignPatterns";
			};
			name = Debug;
		};
		BFBBB22220E1DD9C004F192E /* Release */ = {
			isa = XCBuildConfiguration;
			buildSettings = {
				BUNDLE_LOADER = "$(TEST_HOST)";
				CODE_SIGN_STYLE = Automatic;
				DEVELOPMENT_TEAM = ASH8T6U62E;
				INFOPLIST_FILE = ZJDesignPatternsTests/Info.plist;
				LD_RUNPATH_SEARCH_PATHS = (
					"$(inherited)",
					"@executable_path/Frameworks",
					"@loader_path/Frameworks",
				);
				PRODUCT_BUNDLE_IDENTIFIER = "Jun-Zhou.ZJDesignPatternsTests";
				PRODUCT_NAME = "$(TARGET_NAME)";
				TARGETED_DEVICE_FAMILY = "1,2";
				TEST_HOST = "$(BUILT_PRODUCTS_DIR)/ZJDesignPatterns.app/ZJDesignPatterns";
			};
			name = Release;
		};
		BFBBB22420E1DD9C004F192E /* Debug */ = {
			isa = XCBuildConfiguration;
			buildSettings = {
				CODE_SIGN_STYLE = Automatic;
				DEVELOPMENT_TEAM = ASH8T6U62E;
				INFOPLIST_FILE = ZJDesignPatternsUITests/Info.plist;
				LD_RUNPATH_SEARCH_PATHS = (
					"$(inherited)",
					"@executable_path/Frameworks",
					"@loader_path/Frameworks",
				);
				PRODUCT_BUNDLE_IDENTIFIER = "Jun-Zhou.ZJDesignPatternsUITests";
				PRODUCT_NAME = "$(TARGET_NAME)";
				TARGETED_DEVICE_FAMILY = "1,2";
				TEST_TARGET_NAME = ZJDesignPatterns;
			};
			name = Debug;
		};
		BFBBB22520E1DD9C004F192E /* Release */ = {
			isa = XCBuildConfiguration;
			buildSettings = {
				CODE_SIGN_STYLE = Automatic;
				DEVELOPMENT_TEAM = ASH8T6U62E;
				INFOPLIST_FILE = ZJDesignPatternsUITests/Info.plist;
				LD_RUNPATH_SEARCH_PATHS = (
					"$(inherited)",
					"@executable_path/Frameworks",
					"@loader_path/Frameworks",
				);
				PRODUCT_BUNDLE_IDENTIFIER = "Jun-Zhou.ZJDesignPatternsUITests";
				PRODUCT_NAME = "$(TARGET_NAME)";
				TARGETED_DEVICE_FAMILY = "1,2";
				TEST_TARGET_NAME = ZJDesignPatterns;
			};
			name = Release;
		};
/* End XCBuildConfiguration section */

/* Begin XCConfigurationList section */
		BFBBB1EC20E1DD99004F192E /* Build configuration list for PBXProject "ZJDesignPatterns" */ = {
			isa = XCConfigurationList;
			buildConfigurations = (
				BFBBB21B20E1DD9C004F192E /* Debug */,
				BFBBB21C20E1DD9C004F192E /* Release */,
			);
			defaultConfigurationIsVisible = 0;
			defaultConfigurationName = Release;
		};
		BFBBB21D20E1DD9C004F192E /* Build configuration list for PBXNativeTarget "ZJDesignPatterns" */ = {
			isa = XCConfigurationList;
			buildConfigurations = (
				BFBBB21E20E1DD9C004F192E /* Debug */,
				BFBBB21F20E1DD9C004F192E /* Release */,
			);
			defaultConfigurationIsVisible = 0;
			defaultConfigurationName = Release;
		};
		BFBBB22020E1DD9C004F192E /* Build configuration list for PBXNativeTarget "ZJDesignPatternsTests" */ = {
			isa = XCConfigurationList;
			buildConfigurations = (
				BFBBB22120E1DD9C004F192E /* Debug */,
				BFBBB22220E1DD9C004F192E /* Release */,
			);
			defaultConfigurationIsVisible = 0;
			defaultConfigurationName = Release;
		};
		BFBBB22320E1DD9C004F192E /* Build configuration list for PBXNativeTarget "ZJDesignPatternsUITests" */ = {
			isa = XCConfigurationList;
			buildConfigurations = (
				BFBBB22420E1DD9C004F192E /* Debug */,
				BFBBB22520E1DD9C004F192E /* Release */,
			);
			defaultConfigurationIsVisible = 0;
			defaultConfigurationName = Release;
		};
/* End XCConfigurationList section */
	};
	rootObject = BFBBB1E920E1DD99004F192E /* Project object */;
}
